// !$*UTF8*$!
{
	archiveVersion = 1;
	classes = {
	};
	objectVersion = 46;
	objects = {

/* Begin PBXBuildFile section */
		D11F897A1F12E30800367379 /* PaintViewController.m in Sources */ = {isa = PBXBuildFile; fileRef = D11F89791F12E30800367379 /* PaintViewController.m */; };
		D11F89831F1320CF00367379 /* PaintLine.m in Sources */ = {isa = PBXBuildFile; fileRef = D11F89821F1320CF00367379 /* PaintLine.m */; };
		D11F89861F13228900367379 /* PaintView.m in Sources */ = {isa = PBXBuildFile; fileRef = D11F89851F13228900367379 /* PaintView.m */; };
		D17C3DEC1F126DB700CF9BD4 /* main.m in Sources */ = {isa = PBXBuildFile; fileRef = D17C3DEB1F126DB700CF9BD4 /* main.m */; };
		D17C3DEF1F126DB700CF9BD4 /* AppDelegate.m in Sources */ = {isa = PBXBuildFile; fileRef = D17C3DEE1F126DB700CF9BD4 /* AppDelegate.m */; };
		D17C3DF51F126DB700CF9BD4 /* Main.storyboard in Resources */ = {isa = PBXBuildFile; fileRef = D17C3DF31F126DB700CF9BD4 /* Main.storyboard */; };
		D17C3DF71F126DB700CF9BD4 /* Assets.xcassets in Resources */ = {isa = PBXBuildFile; fileRef = D17C3DF61F126DB700CF9BD4 /* Assets.xcassets */; };
		D17C3DFA1F126DB700CF9BD4 /* LaunchScreen.storyboard in Resources */ = {isa = PBXBuildFile; fileRef = D17C3DF81F126DB700CF9BD4 /* LaunchScreen.storyboard */; };
/* End PBXBuildFile section */

/* Begin PBXFileReference section */
		D11F89781F12E30800367379 /* PaintViewController.h */ = {isa = PBXFileReference; fileEncoding = 4; lastKnownFileType = sourcecode.c.h; path = PaintViewController.h; sourceTree = "<group>"; };
		D11F89791F12E30800367379 /* PaintViewController.m */ = {isa = PBXFileReference; fileEncoding = 4; lastKnownFileType = sourcecode.c.objc; path = PaintViewController.m; sourceTree = "<group>"; };
		D11F89811F1320CF00367379 /* PaintLine.h */ = {isa = PBXFileReference; fileEncoding = 4; lastKnownFileType = sourcecode.c.h; name = PaintLine.h; path = ../PaintLine.h; sourceTree = "<group>"; };
		D11F89821F1320CF00367379 /* PaintLine.m */ = {isa = PBXFileReference; fileEncoding = 4; lastKnownFileType = sourcecode.c.objc; name = PaintLine.m; path = ../PaintLine.m; sourceTree = "<group>"; };
		D11F89841F13228900367379 /* PaintView.h */ = {isa = PBXFileReference; fileEncoding = 4; lastKnownFileType = sourcecode.c.h; path = PaintView.h; sourceTree = "<group>"; };
		D11F89851F13228900367379 /* PaintView.m */ = {isa = PBXFileReference; fileEncoding = 4; lastKnownFileType = sourcecode.c.objc; path = PaintView.m; sourceTree = "<group>"; };
		D17C3DE71F126DB600CF9BD4 /* Finger Paint App.app */ = {isa = PBXFileReference; explicitFileType = wrapper.application; includeInIndex = 0; path = "Finger Paint App.app"; sourceTree = BUILT_PRODUCTS_DIR; };
		D17C3DEB1F126DB700CF9BD4 /* main.m */ = {isa = PBXFileReference; lastKnownFileType = sourcecode.c.objc; path = main.m; sourceTree = "<group>"; };
		D17C3DED1F126DB700CF9BD4 /* AppDelegate.h */ = {isa = PBXFileReference; lastKnownFileType = sourcecode.c.h; path = AppDelegate.h; sourceTree = "<group>"; };
		D17C3DEE1F126DB700CF9BD4 /* AppDelegate.m */ = {isa = PBXFileReference; lastKnownFileType = sourcecode.c.objc; path = AppDelegate.m; sourceTree = "<group>"; };
		D17C3DF41F126DB700CF9BD4 /* Base */ = {isa = PBXFileReference; lastKnownFileType = file.storyboard; name = Base; path = Base.lproj/Main.storyboard; sourceTree = "<group>"; };
		D17C3DF61F126DB700CF9BD4 /* Assets.xcassets */ = {isa = PBXFileReference; lastKnownFileType = folder.assetcatalog; path = Assets.xcassets; sourceTree = "<group>"; };
		D17C3DF91F126DB700CF9BD4 /* Base */ = {isa = PBXFileReference; lastKnownFileType = file.storyboard; name = Base; path = Base.lproj/LaunchScreen.storyboard; sourceTree = "<group>"; };
		D17C3DFB1F126DB700CF9BD4 /* Info.plist */ = {isa = PBXFileReference; lastKnownFileType = text.plist.xml; path = Info.plist; sourceTree = "<group>"; };
/* End PBXFileReference section */

/* Begin PBXFrameworksBuildPhase section */
		D17C3DE41F126DB600CF9BD4 /* Frameworks */ = {
			isa = PBXFrameworksBuildPhase;
			buildActionMask = 2147483647;
			files = (
			);
			runOnlyForDeploymentPostprocessing = 0;
		};
/* End PBXFrameworksBuildPhase section */

/* Begin PBXGroup section */
		D17C3DDE1F126DB600CF9BD4 = {
			isa = PBXGroup;
			children = (
				D17C3DE91F126DB600CF9BD4 /* Finger Paint App */,
				D17C3DE81F126DB600CF9BD4 /* Products */,
			);
			sourceTree = "<group>";
		};
		D17C3DE81F126DB600CF9BD4 /* Products */ = {
			isa = PBXGroup;
			children = (
				D17C3DE71F126DB600CF9BD4 /* Finger Paint App.app */,
			);
			name = Products;
			sourceTree = "<group>";
		};
		D17C3DE91F126DB600CF9BD4 /* Finger Paint App */ = {
			isa = PBXGroup;
			children = (
				D11F89781F12E30800367379 /* PaintViewController.h */,
				D11F89791F12E30800367379 /* PaintViewController.m */,
				D11F89841F13228900367379 /* PaintView.h */,
				D11F89851F13228900367379 /* PaintView.m */,
				D11F89811F1320CF00367379 /* PaintLine.h */,
				D11F89821F1320CF00367379 /* PaintLine.m */,
				D17C3DF31F126DB700CF9BD4 /* Main.storyboard */,
				D17C3DF81F126DB700CF9BD4 /* LaunchScreen.storyboard */,
				D17C3DEA1F126DB700CF9BD4 /* Supporting Files */,
			);
			path = "Finger Paint App";
			sourceTree = "<group>";
		};
		D17C3DEA1F126DB700CF9BD4 /* Supporting Files */ = {
			isa = PBXGroup;
			children = (
				D17C3DED1F126DB700CF9BD4 /* AppDelegate.h */,
				D17C3DEE1F126DB700CF9BD4 /* AppDelegate.m */,
				D17C3DF61F126DB700CF9BD4 /* Assets.xcassets */,
				D17C3DFB1F126DB700CF9BD4 /* Info.plist */,
				D17C3DEB1F126DB700CF9BD4 /* main.m */,
			);
			name = "Supporting Files";
			sourceTree = "<group>";
		};
/* End PBXGroup section */

/* Begin PBXNativeTarget section */
		D17C3DE61F126DB600CF9BD4 /* Finger Paint App */ = {
			isa = PBXNativeTarget;
			buildConfigurationList = D17C3DFE1F126DB700CF9BD4 /* Build configuration list for PBXNativeTarget "Finger Paint App" */;
			buildPhases = (
				D17C3DE31F126DB600CF9BD4 /* Sources */,
				D17C3DE41F126DB600CF9BD4 /* Frameworks */,
				D17C3DE51F126DB600CF9BD4 /* Resources */,
			);
			buildRules = (
			);
			dependencies = (
			);
			name = "Finger Paint App";
			productName = "Finger Paint App";
			productReference = D17C3DE71F126DB600CF9BD4 /* Finger Paint App.app */;
			productType = "com.apple.product-type.application";
		};
/* End PBXNativeTarget section */

/* Begin PBXProject section */
		D17C3DDF1F126DB600CF9BD4 /* Project object */ = {
			isa = PBXProject;
			attributes = {
				LastUpgradeCheck = 0830;
				ORGANIZATIONNAME = "Errol Cheong";
				TargetAttributes = {
					D17C3DE61F126DB600CF9BD4 = {
						CreatedOnToolsVersion = 8.3.3;
						ProvisioningStyle = Automatic;
					};
				};
			};
			buildConfigurationList = D17C3DE21F126DB600CF9BD4 /* Build configuration list for PBXProject "Finger Paint App" */;
			compatibilityVersion = "Xcode 3.2";
			developmentRegion = English;
			hasScannedForEncodings = 0;
			knownRegions = (
				en,
				Base,
			);
			mainGroup = D17C3DDE1F126DB600CF9BD4;
			productRefGroup = D17C3DE81F126DB600CF9BD4 /* Products */;
			projectDirPath = "";
			projectRoot = "";
			targets = (
				D17C3DE61F126DB600CF9BD4 /* Finger Paint App */,
			);
		};
/* End PBXProject section */

/* Begin PBXResourcesBuildPhase section */
		D17C3DE51F126DB600CF9BD4 /* Resources */ = {
			isa = PBXResourcesBuildPhase;
			buildActionMask = 2147483647;
			files = (
				D17C3DFA1F126DB700CF9BD4 /* LaunchScreen.storyboard in Resources */,
				D17C3DF71F126DB700CF9BD4 /* Assets.xcassets in Resources */,
				D17C3DF51F126DB700CF9BD4 /* Main.storyboard in Resources */,
			);
			runOnlyForDeploymentPostprocessing = 0;
		};
/* End PBXResourcesBuildPhase section */

/* Begin PBXSourcesBuildPhase section */
		D17C3DE31F126DB600CF9BD4 /* Sources */ = {
			isa = PBXSourcesBuildPhase;
			buildActionMask = 2147483647;
			files = (
				D17C3DEF1F126DB700CF9BD4 /* AppDelegate.m in Sources */,
				D11F897A1F12E30800367379 /* PaintViewController.m in Sources */,
				D11F89831F1320CF00367379 /* PaintLine.m in Sources */,
				D11F89861F13228900367379 /* PaintView.m in Sources */,
				D17C3DEC1F126DB700CF9BD4 /* main.m in Sources */,
			);
			runOnlyForDeploymentPostprocessing = 0;
		};
/* End PBXSourcesBuildPhase section */

/* Begin PBXVariantGroup section */
		D17C3DF31F126DB700CF9BD4 /* Main.storyboard */ = {
			isa = PBXVariantGroup;
			children = (
				D17C3DF41F126DB700CF9BD4 /* Base */,
			);
			name = Main.storyboard;
			sourceTree = "<group>";
		};
		D17C3DF81F126DB700CF9BD4 /* LaunchScreen.storyboard */ = {
			isa = PBXVariantGroup;
			children = (
				D17C3DF91F126DB700CF9BD4 /* Base */,
			);
			name = LaunchScreen.storyboard;
			sourceTree = "<group>";
		};
/* End PBXVariantGroup section */

/* Begin XCBuildConfiguration section */
		D17C3DFC1F126DB700CF9BD4 /* Debug */ = {
			isa = XCBuildConfiguration;
			buildSettings = {
				ALWAYS_SEARCH_USER_PATHS = NO;
				CLANG_ANALYZER_NONNULL = YES;
				CLANG_ANALYZER_NUMBER_OBJECT_CONVERSION = YES_AGGRESSIVE;
				CLANG_CXX_LANGUAGE_STANDARD = "gnu++0x";
				CLANG_CXX_LIBRARY = "libc++";
				CLANG_ENABLE_MODULES = YES;
				CLANG_ENABLE_OBJC_ARC = YES;
				CLANG_WARN_BOOL_CONVERSION = YES;
				CLANG_WARN_CONSTANT_CONVERSION = YES;
				CLANG_WARN_DIRECT_OBJC_ISA_USAGE = YES_ERROR;
				CLANG_WARN_DOCUMENTATION_COMMENTS = YES;
				CLANG_WARN_EMPTY_BODY = YES;
				CLANG_WARN_ENUM_CONVERSION = YES;
				CLANG_WARN_INFINITE_RECURSION = YES;
				CLANG_WARN_INT_CONVERSION = YES;
				CLANG_WARN_OBJC_ROOT_CLASS = YES_ERROR;
				CLANG_WARN_SUSPICIOUS_MOVE = YES;
				CLANG_WARN_UNREACHABLE_CODE = YES;
				CLANG_WARN__DUPLICATE_METHOD_MATCH = YES;
				"CODE_SIGN_IDENTITY[sdk=iphoneos*]" = "iPhone Developer";
				COPY_PHASE_STRIP = NO;
				DEBUG_INFORMATION_FORMAT = dwarf;
				ENABLE_STRICT_OBJC_MSGSEND = YES;
				ENABLE_TESTABILITY = YES;
				GCC_C_LANGUAGE_STANDARD = gnu99;
				GCC_DYNAMIC_NO_PIC = NO;
				GCC_NO_COMMON_BLOCKS = YES;
				GCC_OPTIMIZATION_LEVEL = 0;
				GCC_PREPROCESSOR_DEFINITIONS = (
					"DEBUG=1",
					"$(inherited)",
				);
				GCC_WARN_64_TO_32_BIT_CONVERSION = YES;
				GCC_WARN_ABOUT_RETURN_TYPE = YES_ERROR;
				GCC_WARN_UNDECLARED_SELECTOR = YES;
				GCC_WARN_UNINITIALIZED_AUTOS = YES_AGGRESSIVE;
				GCC_WARN_UNUSED_FUNCTION = YES;
				GCC_WARN_UNUSED_VARIABLE = YES;
				IPHONEOS_DEPLOYMENT_TARGET = 10.3;
				MTL_ENABLE_DEBUG_INFO = YES;
				ONLY_ACTIVE_ARCH = YES;
				SDKROOT = iphoneos;
			};
			name = Debug;
		};
		D17C3DFD1F126DB700CF9BD4 /* Release */ = {
			isa = XCBuildConfiguration;
			buildSettings = {
				ALWAYS_SEARCH_USER_PATHS = NO;
				CLANG_ANALYZER_NONNULL = YES;
				CLANG_ANALYZER_NUMBER_OBJECT_CONVERSION = YES_AGGRESSIVE;
				CLANG_CXX_LANGUAGE_STANDARD = "gnu++0x";
				CLANG_CXX_LIBRARY = "libc++";
				CLANG_ENABLE_MODULES = YES;
				CLANG_ENABLE_OBJC_ARC = YES;
				CLANG_WARN_BOOL_CONVERSION = YES;
				CLANG_WARN_CONSTANT_CONVERSION = YES;
				CLANG_WARN_DIRECT_OBJC_ISA_USAGE = YES_ERROR;
				CLANG_WARN_DOCUMENTATION_COMMENTS = YES;
				CLANG_WARN_EMPTY_BODY = YES;
				CLANG_WARN_ENUM_CONVERSION = YES;
				CLANG_WARN_INFINITE_RECURSION = YES;
				CLANG_WARN_INT_CONVERSION = YES;
				CLANG_WARN_OBJC_ROOT_CLASS = YES_ERROR;
				CLANG_WARN_SUSPICIOUS_MOVE = YES;
				CLANG_WARN_UNREACHABLE_CODE = YES;
				CLANG_WARN__DUPLICATE_METHOD_MATCH = YES;
				"CODE_SIGN_IDENTITY[sdk=iphoneos*]" = "iPhone Developer";
				COPY_PHASE_STRIP = NO;
				DEBUG_INFORMATION_FORMAT = "dwarf-with-dsym";
				ENABLE_NS_ASSERTIONS = NO;
				ENABLE_STRICT_OBJC_MSGSEND = YES;
				GCC_C_LANGUAGE_STANDARD = gnu99;
				GCC_NO_COMMON_BLOCKS = YES;
				GCC_WARN_64_TO_32_BIT_CONVERSION = YES;
				GCC_WARN_ABOUT_RETURN_TYPE = YES_ERROR;
				GCC_WARN_UNDECLARED_SELECTOR = YES;
				GCC_WARN_UNINITIALIZED_AUTOS = YES_AGGRESSIVE;
				GCC_WARN_UNUSED_FUNCTION = YES;
				GCC_WARN_UNUSED_VARIABLE = YES;
				IPHONEOS_DEPLOYMENT_TARGET = 10.3;
				MTL_ENABLE_DEBUG_INFO = NO;
				SDKROOT = iphoneos;
				VALIDATE_PRODUCT = YES;
			};
			name = Release;
		};
		D17C3DFF1F126DB700CF9BD4 /* Debug */ = {
			isa = XCBuildConfiguration;
			buildSettings = {
				ASSETCATALOG_COMPILER_APPICON_NAME = AppIcon;
				INFOPLIST_FILE = "Finger Paint App/Info.plist";
				LD_RUNPATH_SEARCH_PATHS = "$(inherited) @executable_path/Frameworks";
				PRODUCT_BUNDLE_IDENTIFIER = "com.errolcheong.Finger-Paint-App";
				PRODUCT_NAME = "$(TARGET_NAME)";
			};
			name = Debug;
		};
		D17C3E001F126DB700CF9BD4 /* Release */ = {
			isa = XCBuildConfiguration;
			buildSettings = {
				ASSETCATALOG_COMPILER_APPICON_NAME = AppIcon;
				INFOPLIST_FILE = "Finger Paint App/Info.plist";
				LD_RUNPATH_SEARCH_PATHS = "$(inherited) @executable_path/Frameworks";
				PRODUCT_BUNDLE_IDENTIFIER = "com.errolcheong.Finger-Paint-App";
				PRODUCT_NAME = "$(TARGET_NAME)";
			};
			name = Release;
		};
/* End XCBuildConfiguration section */

/* Begin XCConfigurationList section */
		D17C3DE21F126DB600CF9BD4 /* Build configuration list for PBXProject "Finger Paint App" */ = {
			isa = XCConfigurationList;
			buildConfigurations = (
				D17C3DFC1F126DB700CF9BD4 /* Debug */,
				D17C3DFD1F126DB700CF9BD4 /* Release */,
			);
			defaultConfigurationIsVisible = 0;
			defaultConfigurationName = Release;
		};
		D17C3DFE1F126DB700CF9BD4 /* Build configuration list for PBXNativeTarget "Finger Paint App" */ = {
			isa = XCConfigurationList;
			buildConfigurations = (
				D17C3DFF1F126DB700CF9BD4 /* Debug */,
				D17C3E001F126DB700CF9BD4 /* Release */,
			);
			defaultConfigurationIsVisible = 0;
			defaultConfigurationName = Release;
		};
/* End XCConfigurationList section */
	};
	rootObject = D17C3DDF1F126DB600CF9BD4 /* Project object */;
}
